
Microsoft Visual Studio Solution File, Format Version 12.00
# Visual Studio Version 17
VisualStudioVersion = 17.4.33110.190
MinimumVisualStudioVersion = 10.0.40219.1
Project("{FAE04EC0-301F-11D3-BF4B-00C04F79EFBC}") = "S2Q2API", "S2Q2API\S2Q2API.csproj", "{D98DED4D-3F94-4DD2-A505-B90659A8D7C6}"
EndProject
Project("{FAE04EC0-301F-11D3-BF4B-00C04F79EFBC}") = "Q2Winform", "Q2Winform\Q2Winform.csproj", "{189B2C80-953B-413C-8A67-955C605CB6F2}"
EndProject
Project("{FAE04EC0-301F-11D3-BF4B-00C04F79EFBC}") = "MVC", "MVC\MVC.csproj", "{6CDC0053-DFDB-48ED-96B2-DA9424131E97}"
EndProject
Global
	GlobalSection(SolutionConfigurationPlatforms) = preSolution
		Debug|Any CPU = Debug|Any CPU
		Release|Any CPU = Release|Any CPU
	EndGlobalSection
	GlobalSection(ProjectConfigurationPlatforms) = postSolution
		{D98DED4D-3F94-4DD2-A505-B90659A8D7C6}.Debug|Any CPU.ActiveCfg = Debug|Any CPU
		{D98DED4D-3F94-4DD2-A505-B90659A8D7C6}.Debug|Any CPU.Build.0 = Debug|Any CPU
		{D98DED4D-3F94-4DD2-A505-B90659A8D7C6}.Release|Any CPU.ActiveCfg = Release|Any CPU
		{D98DED4D-3F94-4DD2-A505-B90659A8D7C6}.Release|Any CPU.Build.0 = Release|Any CPU
		{189B2C80-953B-413C-8A67-955C605CB6F2}.Debug|Any CPU.ActiveCfg = Debug|Any CPU
		{189B2C80-953B-413C-8A67-955C605CB6F2}.Debug|Any CPU.Build.0 = Debug|Any CPU
		{189B2C80-953B-413C-8A67-955C605CB6F2}.Release|Any CPU.ActiveCfg = Release|Any CPU
		{189B2C80-953B-413C-8A67-955C605CB6F2}.Release|Any CPU.Build.0 = Release|Any CPU
		{6CDC0053-DFDB-48ED-96B2-DA9424131E97}.Debug|Any CPU.ActiveCfg = Debug|Any CPU
		{6CDC0053-DFDB-48ED-96B2-DA9424131E97}.Debug|Any CPU.Build.0 = Debug|Any CPU
		{6CDC0053-DFDB-48ED-96B2-DA9424131E97}.Release|Any CPU.ActiveCfg = Release|Any CPU
		{6CDC0053-DFDB-48ED-96B2-DA9424131E97}.Release|Any CPU.Build.0 = Release|Any CPU
	EndGlobalSection
	GlobalSection(SolutionProperties) = preSolution
		HideSolutionNode = FALSE
	EndGlobalSection
	GlobalSection(ExtensibilityGlobals) = postSolution
		SolutionGuid = {03F5DFC9-F3CF-4931-9669-9B80A6F6A8E9}
	EndGlobalSection
EndGlobal
